
Microsoft Visual Studio Solution File, Format Version 12.00
# Visual Studio Version 16
VisualStudioVersion = 16.0.31515.178
MinimumVisualStudioVersion = 10.0.40219.1
Project("{FAE04EC0-301F-11D3-BF4B-00C04F79EFBC}") = "Device management in Bridge pattern", "Device management in Bridge pattern\Device management in Bridge pattern.csproj", "{BE6912C1-25BE-41C8-995C-4567823550AA}"
EndProject
Global
	GlobalSection(SolutionConfigurationPlatforms) = preSolution
		Debug|Any CPU = Debug|Any CPU
		Release|Any CPU = Release|Any CPU
	EndGlobalSection
	GlobalSection(ProjectConfigurationPlatforms) = postSolution
		{BE6912C1-25BE-41C8-995C-4567823550AA}.Debug|Any CPU.ActiveCfg = Debug|Any CPU
		{BE6912C1-25BE-41C8-995C-4567823550AA}.Debug|Any CPU.Build.0 = Debug|Any CPU
		{BE6912C1-25BE-41C8-995C-4567823550AA}.Release|Any CPU.ActiveCfg = Release|Any CPU
		{BE6912C1-25BE-41C8-995C-4567823550AA}.Release|Any CPU.Build.0 = Release|Any CPU
	EndGlobalSection
	GlobalSection(SolutionProperties) = preSolution
		HideSolutionNode = FALSE
	EndGlobalSection
	GlobalSection(ExtensibilityGlobals) = postSolution
		SolutionGuid = {D6D5C750-77F5-4A31-AC09-2280214E5D2F}
	EndGlobalSection
EndGlobal
